
Microsoft Visual Studio Solution File, Format Version 12.00
# Visual Studio Version 17
VisualStudioVersion = 17.12.35707.178 d17.12
MinimumVisualStudioVersion = 10.0.40219.1
Project("{FAE04EC0-301F-11D3-BF4B-00C04F79EFBC}") = "Algebra11", "Algebra11\Algebra11.csproj", "{DDB24980-EEC9-40A9-90D7-4D22756F860C}"
EndProject
Global
	GlobalSection(SolutionConfigurationPlatforms) = preSolution
		Debug|Any CPU = Debug|Any CPU
		Release|Any CPU = Release|Any CPU
	EndGlobalSection
	GlobalSection(ProjectConfigurationPlatforms) = postSolution
		{DDB24980-EEC9-40A9-90D7-4D22756F860C}.Debug|Any CPU.ActiveCfg = Debug|Any CPU
		{DDB24980-EEC9-40A9-90D7-4D22756F860C}.Debug|Any CPU.Build.0 = Debug|Any CPU
		{DDB24980-EEC9-40A9-90D7-4D22756F860C}.Release|Any CPU.ActiveCfg = Release|Any CPU
		{DDB24980-EEC9-40A9-90D7-4D22756F860C}.Release|Any CPU.Build.0 = Release|Any CPU
	EndGlobalSection
	GlobalSection(SolutionProperties) = preSolution
		HideSolutionNode = FALSE
	EndGlobalSection
EndGlobal
